// !$*UTF8*$!
{
	archiveVersion = 1;
	classes = {
	};
	objectVersion = 50;
	objects = {

/* Begin PBXBuildFile section */
		3D3C07A12304B8AB002E6533 /* AppDelegate.swift in Sources */ = {isa = PBXBuildFile; fileRef = 3D3C07A02304B8AB002E6533 /* AppDelegate.swift */; };
		3D3C07A32304B8AB002E6533 /* ViewController.swift in Sources */ = {isa = PBXBuildFile; fileRef = 3D3C07A22304B8AB002E6533 /* ViewController.swift */; };
		3D3C07A62304B8AB002E6533 /* Main.storyboard in Resources */ = {isa = PBXBuildFile; fileRef = 3D3C07A42304B8AB002E6533 /* Main.storyboard */; };
		3D3C07A82304B8B0002E6533 /* Assets.xcassets in Resources */ = {isa = PBXBuildFile; fileRef = 3D3C07A72304B8B0002E6533 /* Assets.xcassets */; };
		3D3C07AB2304B8B0002E6533 /* LaunchScreen.storyboard in Resources */ = {isa = PBXBuildFile; fileRef = 3D3C07A92304B8B0002E6533 /* LaunchScreen.storyboard */; };
		3D3C07B62304B8B0002E6533 /* pruebagitTests.swift in Sources */ = {isa = PBXBuildFile; fileRef = 3D3C07B52304B8B0002E6533 /* pruebagitTests.swift */; };
		3D3C07C12304B8B0002E6533 /* pruebagitUITests.swift in Sources */ = {isa = PBXBuildFile; fileRef = 3D3C07C02304B8B0002E6533 /* pruebagitUITests.swift */; };
/* End PBXBuildFile section */

/* Begin PBXContainerItemProxy section */
		3D3C07B22304B8B0002E6533 /* PBXContainerItemProxy */ = {
			isa = PBXContainerItemProxy;
			containerPortal = 3D3C07952304B8AB002E6533 /* Project object */;
			proxyType = 1;
			remoteGlobalIDString = 3D3C079C2304B8AB002E6533;
			remoteInfo = pruebagit;
		};
		3D3C07BD2304B8B0002E6533 /* PBXContainerItemProxy */ = {
			isa = PBXContainerItemProxy;
			containerPortal = 3D3C07952304B8AB002E6533 /* Project object */;
			proxyType = 1;
			remoteGlobalIDString = 3D3C079C2304B8AB002E6533;
			remoteInfo = pruebagit;
		};
/* End PBXContainerItemProxy section */

/* Begin PBXFileReference section */
		3D3C079D2304B8AB002E6533 /* pruebagit.app */ = {isa = PBXFileReference; explicitFileType = wrapper.application; includeInIndex = 0; path = pruebagit.app; sourceTree = BUILT_PRODUCTS_DIR; };
		3D3C07A02304B8AB002E6533 /* AppDelegate.swift */ = {isa = PBXFileReference; lastKnownFileType = sourcecode.swift; path = AppDelegate.swift; sourceTree = "<group>"; };
		3D3C07A22304B8AB002E6533 /* ViewController.swift */ = {isa = PBXFileReference; lastKnownFileType = sourcecode.swift; path = ViewController.swift; sourceTree = "<group>"; };
		3D3C07A52304B8AB002E6533 /* Base */ = {isa = PBXFileReference; lastKnownFileType = file.storyboard; name = Base; path = Base.lproj/Main.storyboard; sourceTree = "<group>"; };
		3D3C07A72304B8B0002E6533 /* Assets.xcassets */ = {isa = PBXFileReference; lastKnownFileType = folder.assetcatalog; path = Assets.xcassets; sourceTree = "<group>"; };
		3D3C07AA2304B8B0002E6533 /* Base */ = {isa = PBXFileReference; lastKnownFileType = file.storyboard; name = Base; path = Base.lproj/LaunchScreen.storyboard; sourceTree = "<group>"; };
		3D3C07AC2304B8B0002E6533 /* Info.plist */ = {isa = PBXFileReference; lastKnownFileType = text.plist.xml; path = Info.plist; sourceTree = "<group>"; };
		3D3C07B12304B8B0002E6533 /* pruebagitTests.xctest */ = {isa = PBXFileReference; explicitFileType = wrapper.cfbundle; includeInIndex = 0; path = pruebagitTests.xctest; sourceTree = BUILT_PRODUCTS_DIR; };
		3D3C07B52304B8B0002E6533 /* pruebagitTests.swift */ = {isa = PBXFileReference; lastKnownFileType = sourcecode.swift; path = pruebagitTests.swift; sourceTree = "<group>"; };
		3D3C07B72304B8B0002E6533 /* Info.plist */ = {isa = PBXFileReference; lastKnownFileType = text.plist.xml; path = Info.plist; sourceTree = "<group>"; };
		3D3C07BC2304B8B0002E6533 /* pruebagitUITests.xctest */ = {isa = PBXFileReference; explicitFileType = wrapper.cfbundle; includeInIndex = 0; path = pruebagitUITests.xctest; sourceTree = BUILT_PRODUCTS_DIR; };
		3D3C07C02304B8B0002E6533 /* pruebagitUITests.swift */ = {isa = PBXFileReference; lastKnownFileType = sourcecode.swift; path = pruebagitUITests.swift; sourceTree = "<group>"; };
		3D3C07C22304B8B0002E6533 /* Info.plist */ = {isa = PBXFileReference; lastKnownFileType = text.plist.xml; path = Info.plist; sourceTree = "<group>"; };
/* End PBXFileReference section */

/* Begin PBXFrameworksBuildPhase section */
		3D3C079A2304B8AB002E6533 /* Frameworks */ = {
			isa = PBXFrameworksBuildPhase;
			buildActionMask = 2147483647;
			files = (
			);
			runOnlyForDeploymentPostprocessing = 0;
		};
		3D3C07AE2304B8B0002E6533 /* Frameworks */ = {
			isa = PBXFrameworksBuildPhase;
			buildActionMask = 2147483647;
			files = (
			);
			runOnlyForDeploymentPostprocessing = 0;
		};
		3D3C07B92304B8B0002E6533 /* Frameworks */ = {
			isa = PBXFrameworksBuildPhase;
			buildActionMask = 2147483647;
			files = (
			);
			runOnlyForDeploymentPostprocessing = 0;
		};
/* End PBXFrameworksBuildPhase section */

/* Begin PBXGroup section */
		3D3C07942304B8AB002E6533 = {
			isa = PBXGroup;
			children = (
				3D3C079F2304B8AB002E6533 /* pruebagit */,
				3D3C07B42304B8B0002E6533 /* pruebagitTests */,
				3D3C07BF2304B8B0002E6533 /* pruebagitUITests */,
				3D3C079E2304B8AB002E6533 /* Products */,
			);
			sourceTree = "<group>";
		};
		3D3C079E2304B8AB002E6533 /* Products */ = {
			isa = PBXGroup;
			children = (
				3D3C079D2304B8AB002E6533 /* pruebagit.app */,
				3D3C07B12304B8B0002E6533 /* pruebagitTests.xctest */,
				3D3C07BC2304B8B0002E6533 /* pruebagitUITests.xctest */,
			);
			name = Products;
			sourceTree = "<group>";
		};
		3D3C079F2304B8AB002E6533 /* pruebagit */ = {
			isa = PBXGroup;
			children = (
				3D3C07A02304B8AB002E6533 /* AppDelegate.swift */,
				3D3C07A22304B8AB002E6533 /* ViewController.swift */,
				3D3C07A42304B8AB002E6533 /* Main.storyboard */,
				3D3C07A72304B8B0002E6533 /* Assets.xcassets */,
				3D3C07A92304B8B0002E6533 /* LaunchScreen.storyboard */,
				3D3C07AC2304B8B0002E6533 /* Info.plist */,
			);
			path = pruebagit;
			sourceTree = "<group>";
		};
		3D3C07B42304B8B0002E6533 /* pruebagitTests */ = {
			isa = PBXGroup;
			children = (
				3D3C07B52304B8B0002E6533 /* pruebagitTests.swift */,
				3D3C07B72304B8B0002E6533 /* Info.plist */,
			);
			path = pruebagitTests;
			sourceTree = "<group>";
		};
		3D3C07BF2304B8B0002E6533 /* pruebagitUITests */ = {
			isa = PBXGroup;
			children = (
				3D3C07C02304B8B0002E6533 /* pruebagitUITests.swift */,
				3D3C07C22304B8B0002E6533 /* Info.plist */,
			);
			path = pruebagitUITests;
			sourceTree = "<group>";
		};
/* End PBXGroup section */

/* Begin PBXNativeTarget section */
		3D3C079C2304B8AB002E6533 /* pruebagit */ = {
			isa = PBXNativeTarget;
			buildConfigurationList = 3D3C07C52304B8B0002E6533 /* Build configuration list for PBXNativeTarget "pruebagit" */;
			buildPhases = (
				3D3C07992304B8AB002E6533 /* Sources */,
				3D3C079A2304B8AB002E6533 /* Frameworks */,
				3D3C079B2304B8AB002E6533 /* Resources */,
			);
			buildRules = (
			);
			dependencies = (
			);
			name = pruebagit;
			productName = pruebagit;
			productReference = 3D3C079D2304B8AB002E6533 /* pruebagit.app */;
			productType = "com.apple.product-type.application";
		};
		3D3C07B02304B8B0002E6533 /* pruebagitTests */ = {
			isa = PBXNativeTarget;
			buildConfigurationList = 3D3C07C82304B8B0002E6533 /* Build configuration list for PBXNativeTarget "pruebagitTests" */;
			buildPhases = (
				3D3C07AD2304B8B0002E6533 /* Sources */,
				3D3C07AE2304B8B0002E6533 /* Frameworks */,
				3D3C07AF2304B8B0002E6533 /* Resources */,
			);
			buildRules = (
			);
			dependencies = (
				3D3C07B32304B8B0002E6533 /* PBXTargetDependency */,
			);
			name = pruebagitTests;
			productName = pruebagitTests;
			productReference = 3D3C07B12304B8B0002E6533 /* pruebagitTests.xctest */;
			productType = "com.apple.product-type.bundle.unit-test";
		};
		3D3C07BB2304B8B0002E6533 /* pruebagitUITests */ = {
			isa = PBXNativeTarget;
			buildConfigurationList = 3D3C07CB2304B8B0002E6533 /* Build configuration list for PBXNativeTarget "pruebagitUITests" */;
			buildPhases = (
				3D3C07B82304B8B0002E6533 /* Sources */,
				3D3C07B92304B8B0002E6533 /* Frameworks */,
				3D3C07BA2304B8B0002E6533 /* Resources */,
			);
			buildRules = (
			);
			dependencies = (
				3D3C07BE2304B8B0002E6533 /* PBXTargetDependency */,
			);
			name = pruebagitUITests;
			productName = pruebagitUITests;
			productReference = 3D3C07BC2304B8B0002E6533 /* pruebagitUITests.xctest */;
			productType = "com.apple.product-type.bundle.ui-testing";
		};
/* End PBXNativeTarget section */

/* Begin PBXProject section */
		3D3C07952304B8AB002E6533 /* Project object */ = {
			isa = PBXProject;
			attributes = {
				LastSwiftUpdateCheck = 0940;
				LastUpgradeCheck = 0940;
				ORGANIZATIONNAME = Alumno;
				TargetAttributes = {
					3D3C079C2304B8AB002E6533 = {
						CreatedOnToolsVersion = 9.4.1;
					};
					3D3C07B02304B8B0002E6533 = {
						CreatedOnToolsVersion = 9.4.1;
						TestTargetID = 3D3C079C2304B8AB002E6533;
					};
					3D3C07BB2304B8B0002E6533 = {
						CreatedOnToolsVersion = 9.4.1;
						TestTargetID = 3D3C079C2304B8AB002E6533;
					};
				};
			};
			buildConfigurationList = 3D3C07982304B8AB002E6533 /* Build configuration list for PBXProject "pruebagit" */;
			compatibilityVersion = "Xcode 9.3";
			developmentRegion = en;
			hasScannedForEncodings = 0;
			knownRegions = (
				en,
				Base,
			);
			mainGroup = 3D3C07942304B8AB002E6533;
			productRefGroup = 3D3C079E2304B8AB002E6533 /* Products */;
			projectDirPath = "";
			projectRoot = "";
			targets = (
				3D3C079C2304B8AB002E6533 /* pruebagit */,
				3D3C07B02304B8B0002E6533 /* pruebagitTests */,
				3D3C07BB2304B8B0002E6533 /* pruebagitUITests */,
			);
		};
/* End PBXProject section */

/* Begin PBXResourcesBuildPhase section */
		3D3C079B2304B8AB002E6533 /* Resources */ = {
			isa = PBXResourcesBuildPhase;
			buildActionMask = 2147483647;
			files = (
				3D3C07AB2304B8B0002E6533 /* LaunchScreen.storyboard in Resources */,
				3D3C07A82304B8B0002E6533 /* Assets.xcassets in Resources */,
				3D3C07A62304B8AB002E6533 /* Main.storyboard in Resources */,
			);
			runOnlyForDeploymentPostprocessing = 0;
		};
		3D3C07AF2304B8B0002E6533 /* Resources */ = {
			isa = PBXResourcesBuildPhase;
			buildActionMask = 2147483647;
			files = (
			);
			runOnlyForDeploymentPostprocessing = 0;
		};
		3D3C07BA2304B8B0002E6533 /* Resources */ = {
			isa = PBXResourcesBuildPhase;
			buildActionMask = 2147483647;
			files = (
			);
			runOnlyForDeploymentPostprocessing = 0;
		};
/* End PBXResourcesBuildPhase section */

/* Begin PBXSourcesBuildPhase section */
		3D3C07992304B8AB002E6533 /* Sources */ = {
			isa = PBXSourcesBuildPhase;
			buildActionMask = 2147483647;
			files = (
				3D3C07A32304B8AB002E6533 /* ViewController.swift in Sources */,
				3D3C07A12304B8AB002E6533 /* AppDelegate.swift in Sources */,
			);
			runOnlyForDeploymentPostprocessing = 0;
		};
		3D3C07AD2304B8B0002E6533 /* Sources */ = {
			isa = PBXSourcesBuildPhase;
			buildActionMask = 2147483647;
			files = (
				3D3C07B62304B8B0002E6533 /* pruebagitTests.swift in Sources */,
			);
			runOnlyForDeploymentPostprocessing = 0;
		};
		3D3C07B82304B8B0002E6533 /* Sources */ = {
			isa = PBXSourcesBuildPhase;
			buildActionMask = 2147483647;
			files = (
				3D3C07C12304B8B0002E6533 /* pruebagitUITests.swift in Sources */,
			);
			runOnlyForDeploymentPostprocessing = 0;
		};
/* End PBXSourcesBuildPhase section */

/* Begin PBXTargetDependency section */
		3D3C07B32304B8B0002E6533 /* PBXTargetDependency */ = {
			isa = PBXTargetDependency;
			target = 3D3C079C2304B8AB002E6533 /* pruebagit */;
			targetProxy = 3D3C07B22304B8B0002E6533 /* PBXContainerItemProxy */;
		};
		3D3C07BE2304B8B0002E6533 /* PBXTargetDependency */ = {
			isa = PBXTargetDependency;
			target = 3D3C079C2304B8AB002E6533 /* pruebagit */;
			targetProxy = 3D3C07BD2304B8B0002E6533 /* PBXContainerItemProxy */;
		};
/* End PBXTargetDependency section */

/* Begin PBXVariantGroup section */
		3D3C07A42304B8AB002E6533 /* Main.storyboard */ = {
			isa = PBXVariantGroup;
			children = (
				3D3C07A52304B8AB002E6533 /* Base */,
			);
			name = Main.storyboard;
			sourceTree = "<group>";
		};
		3D3C07A92304B8B0002E6533 /* LaunchScreen.storyboard */ = {
			isa = PBXVariantGroup;
			children = (
				3D3C07AA2304B8B0002E6533 /* Base */,
			);
			name = LaunchScreen.storyboard;
			sourceTree = "<group>";
		};
/* End PBXVariantGroup section */

/* Begin XCBuildConfiguration section */
		3D3C07C32304B8B0002E6533 /* Debug */ = {
			isa = XCBuildConfiguration;
			buildSettings = {
				ALWAYS_SEARCH_USER_PATHS = NO;
				CLANG_ANALYZER_NONNULL = YES;
				CLANG_ANALYZER_NUMBER_OBJECT_CONVERSION = YES_AGGRESSIVE;
				CLANG_CXX_LANGUAGE_STANDARD = "gnu++14";
				CLANG_CXX_LIBRARY = "libc++";
				CLANG_ENABLE_MODULES = YES;
				CLANG_ENABLE_OBJC_ARC = YES;
				CLANG_ENABLE_OBJC_WEAK = YES;
				CLANG_WARN_BLOCK_CAPTURE_AUTORELEASING = YES;
				CLANG_WARN_BOOL_CONVERSION = YES;
				CLANG_WARN_COMMA = YES;
				CLANG_WARN_CONSTANT_CONVERSION = YES;
				CLANG_WARN_DEPRECATED_OBJC_IMPLEMENTATIONS = YES;
				CLANG_WARN_DIRECT_OBJC_ISA_USAGE = YES_ERROR;
				CLANG_WARN_DOCUMENTATION_COMMENTS = YES;
				CLANG_WARN_EMPTY_BODY = YES;
				CLANG_WARN_ENUM_CONVERSION = YES;
				CLANG_WARN_INFINITE_RECURSION = YES;
				CLANG_WARN_INT_CONVERSION = YES;
				CLANG_WARN_NON_LITERAL_NULL_CONVERSION = YES;
				CLANG_WARN_OBJC_IMPLICIT_RETAIN_SELF = YES;
				CLANG_WARN_OBJC_LITERAL_CONVERSION = YES;
				CLANG_WARN_OBJC_ROOT_CLASS = YES_ERROR;
				CLANG_WARN_RANGE_LOOP_ANALYSIS = YES;
				CLANG_WARN_STRICT_PROTOTYPES = YES;
				CLANG_WARN_SUSPICIOUS_MOVE = YES;
				CLANG_WARN_UNGUARDED_AVAILABILITY = YES_AGGRESSIVE;
				CLANG_WARN_UNREACHABLE_CODE = YES;
				CLANG_WARN__DUPLICATE_METHOD_MATCH = YES;
				CODE_SIGN_IDENTITY = "iPhone Developer";
				COPY_PHASE_STRIP = NO;
				DEBUG_INFORMATION_FORMAT = dwarf;
				ENABLE_STRICT_OBJC_MSGSEND = YES;
				ENABLE_TESTABILITY = YES;
				GCC_C_LANGUAGE_STANDARD = gnu11;
				GCC_DYNAMIC_NO_PIC = NO;
				GCC_NO_COMMON_BLOCKS = YES;
				GCC_OPTIMIZATION_LEVEL = 0;
				GCC_PREPROCESSOR_DEFINITIONS = (
					"DEBUG=1",
					"$(inherited)",
				);
				GCC_WARN_64_TO_32_BIT_CONVERSION = YES;
				GCC_WARN_ABOUT_RETURN_TYPE = YES_ERROR;
				GCC_WARN_UNDECLARED_SELECTOR = YES;
				GCC_WARN_UNINITIALIZED_AUTOS = YES_AGGRESSIVE;
				GCC_WARN_UNUSED_FUNCTION = YES;
				GCC_WARN_UNUSED_VARIABLE = YES;
				IPHONEOS_DEPLOYMENT_TARGET = 11.4;
				MTL_ENABLE_DEBUG_INFO = YES;
				ONLY_ACTIVE_ARCH = YES;
				SDKROOT = iphoneos;
				SWIFT_ACTIVE_COMPILATION_CONDITIONS = DEBUG;
				SWIFT_OPTIMIZATION_LEVEL = "-Onone";
			};
			name = Debug;
		};
		3D3C07C42304B8B0002E6533 /* Release */ = {
			isa = XCBuildConfiguration;
			buildSettings = {
				ALWAYS_SEARCH_USER_PATHS = NO;
				CLANG_ANALYZER_NONNULL = YES;
				CLANG_ANALYZER_NUMBER_OBJECT_CONVERSION = YES_AGGRESSIVE;
				CLANG_CXX_LANGUAGE_STANDARD = "gnu++14";
				CLANG_CXX_LIBRARY = "libc++";
				CLANG_ENABLE_MODULES = YES;
				CLANG_ENABLE_OBJC_ARC = YES;
				CLANG_ENABLE_OBJC_WEAK = YES;
				CLANG_WARN_BLOCK_CAPTURE_AUTORELEASING = YES;
				CLANG_WARN_BOOL_CONVERSION = YES;
				CLANG_WARN_COMMA = YES;
				CLANG_WARN_CONSTANT_CONVERSION = YES;
				CLANG_WARN_DEPRECATED_OBJC_IMPLEMENTATIONS = YES;
				CLANG_WARN_DIRECT_OBJC_ISA_USAGE = YES_ERROR;
				CLANG_WARN_DOCUMENTATION_COMMENTS = YES;
				CLANG_WARN_EMPTY_BODY = YES;
				CLANG_WARN_ENUM_CONVERSION = YES;
				CLANG_WARN_INFINITE_RECURSION = YES;
				CLANG_WARN_INT_CONVERSION = YES;
				CLANG_WARN_NON_LITERAL_NULL_CONVERSION = YES;
				CLANG_WARN_OBJC_IMPLICIT_RETAIN_SELF = YES;
				CLANG_WARN_OBJC_LITERAL_CONVERSION = YES;
				CLANG_WARN_OBJC_ROOT_CLASS = YES_ERROR;
				CLANG_WARN_RANGE_LOOP_ANALYSIS = YES;
				CLANG_WARN_STRICT_PROTOTYPES = YES;
				CLANG_WARN_SUSPICIOUS_MOVE = YES;
				CLANG_WARN_UNGUARDED_AVAILABILITY = YES_AGGRESSIVE;
				CLANG_WARN_UNREACHABLE_CODE = YES;
				CLANG_WARN__DUPLICATE_METHOD_MATCH = YES;
				CODE_SIGN_IDENTITY = "iPhone Developer";
				COPY_PHASE_STRIP = NO;
				DEBUG_INFORMATION_FORMAT = "dwarf-with-dsym";
				ENABLE_NS_ASSERTIONS = NO;
				ENABLE_STRICT_OBJC_MSGSEND = YES;
				GCC_C_LANGUAGE_STANDARD = gnu11;
				GCC_NO_COMMON_BLOCKS = YES;
				GCC_WARN_64_TO_32_BIT_CONVERSION = YES;
				GCC_WARN_ABOUT_RETURN_TYPE = YES_ERROR;
				GCC_WARN_UNDECLARED_SELECTOR = YES;
				GCC_WARN_UNINITIALIZED_AUTOS = YES_AGGRESSIVE;
				GCC_WARN_UNUSED_FUNCTION = YES;
				GCC_WARN_UNUSED_VARIABLE = YES;
				IPHONEOS_DEPLOYMENT_TARGET = 11.4;
				MTL_ENABLE_DEBUG_INFO = NO;
				SDKROOT = iphoneos;
				SWIFT_COMPILATION_MODE = wholemodule;
				SWIFT_OPTIMIZATION_LEVEL = "-O";
				VALIDATE_PRODUCT = YES;
			};
			name = Release;
		};
		3D3C07C62304B8B0002E6533 /* Debug */ = {
			isa = XCBuildConfiguration;
			buildSettings = {
				ASSETCATALOG_COMPILER_APPICON_NAME = AppIcon;
				CODE_SIGN_STYLE = Automatic;
				INFOPLIST_FILE = pruebagit/Info.plist;
				LD_RUNPATH_SEARCH_PATHS = (
					"$(inherited)",
					"@executable_path/Frameworks",
				);
				PRODUCT_BUNDLE_IDENTIFIER = edu.ulsa.pruebagit;
				PRODUCT_NAME = "$(TARGET_NAME)";
				SWIFT_VERSION = 4.0;
				TARGETED_DEVICE_FAMILY = "1,2";
			};
			name = Debug;
		};
		3D3C07C72304B8B0002E6533 /* Release */ = {
			isa = XCBuildConfiguration;
			buildSettings = {
				ASSETCATALOG_COMPILER_APPICON_NAME = AppIcon;
				CODE_SIGN_STYLE = Automatic;
				INFOPLIST_FILE = pruebagit/Info.plist;
				LD_RUNPATH_SEARCH_PATHS = (
					"$(inherited)",
					"@executable_path/Frameworks",
				);
				PRODUCT_BUNDLE_IDENTIFIER = edu.ulsa.pruebagit;
				PRODUCT_NAME = "$(TARGET_NAME)";
				SWIFT_VERSION = 4.0;
				TARGETED_DEVICE_FAMILY = "1,2";
			};
			name = Release;
		};
		3D3C07C92304B8B0002E6533 /* Debug */ = {
			isa = XCBuildConfiguration;
			buildSettings = {
				ALWAYS_EMBED_SWIFT_STANDARD_LIBRARIES = YES;
				BUNDLE_LOADER = "$(TEST_HOST)";
				CODE_SIGN_STYLE = Automatic;
				INFOPLIST_FILE = pruebagitTests/Info.plist;
				LD_RUNPATH_SEARCH_PATHS = (
					"$(inherited)",
					"@executable_path/Frameworks",
					"@loader_path/Frameworks",
				);
				PRODUCT_BUNDLE_IDENTIFIER = edu.ulsa.pruebagitTests;
				PRODUCT_NAME = "$(TARGET_NAME)";
				SWIFT_VERSION = 4.0;
				TARGETED_DEVICE_FAMILY = "1,2";
				TEST_HOST = "$(BUILT_PRODUCTS_DIR)/pruebagit.app/pruebagit";
			};
			name = Debug;
		};
		3D3C07CA2304B8B0002E6533 /* Release */ = {
			isa = XCBuildConfiguration;
			buildSettings = {
				ALWAYS_EMBED_SWIFT_STANDARD_LIBRARIES = YES;
				BUNDLE_LOADER = "$(TEST_HOST)";
				CODE_SIGN_STYLE = Automatic;
				INFOPLIST_FILE = pruebagitTests/Info.plist;
				LD_RUNPATH_SEARCH_PATHS = (
					"$(inherited)",
					"@executable_path/Frameworks",
					"@loader_path/Frameworks",
				);
				PRODUCT_BUNDLE_IDENTIFIER = edu.ulsa.pruebagitTests;
				PRODUCT_NAME = "$(TARGET_NAME)";
				SWIFT_VERSION = 4.0;
				TARGETED_DEVICE_FAMILY = "1,2";
				TEST_HOST = "$(BUILT_PRODUCTS_DIR)/pruebagit.app/pruebagit";
			};
			name = Release;
		};
		3D3C07CC2304B8B0002E6533 /* Debug */ = {
			isa = XCBuildConfiguration;
			buildSettings = {
				ALWAYS_EMBED_SWIFT_STANDARD_LIBRARIES = YES;
				CODE_SIGN_STYLE = Automatic;
				INFOPLIST_FILE = pruebagitUITests/Info.plist;
				LD_RUNPATH_SEARCH_PATHS = (
					"$(inherited)",
					"@executable_path/Frameworks",
					"@loader_path/Frameworks",
				);
				PRODUCT_BUNDLE_IDENTIFIER = edu.ulsa.pruebagitUITests;
				PRODUCT_NAME = "$(TARGET_NAME)";
				SWIFT_VERSION = 4.0;
				TARGETED_DEVICE_FAMILY = "1,2";
				TEST_TARGET_NAME = pruebagit;
			};
			name = Debug;
		};
		3D3C07CD2304B8B0002E6533 /* Release */ = {
			isa = XCBuildConfiguration;
			buildSettings = {
				ALWAYS_EMBED_SWIFT_STANDARD_LIBRARIES = YES;
				CODE_SIGN_STYLE = Automatic;
				INFOPLIST_FILE = pruebagitUITests/Info.plist;
				LD_RUNPATH_SEARCH_PATHS = (
					"$(inherited)",
					"@executable_path/Frameworks",
					"@loader_path/Frameworks",
				);
				PRODUCT_BUNDLE_IDENTIFIER = edu.ulsa.pruebagitUITests;
				PRODUCT_NAME = "$(TARGET_NAME)";
				SWIFT_VERSION = 4.0;
				TARGETED_DEVICE_FAMILY = "1,2";
				TEST_TARGET_NAME = pruebagit;
			};
			name = Release;
		};
/* End XCBuildConfiguration section */

/* Begin XCConfigurationList section */
		3D3C07982304B8AB002E6533 /* Build configuration list for PBXProject "pruebagit" */ = {
			isa = XCConfigurationList;
			buildConfigurations = (
				3D3C07C32304B8B0002E6533 /* Debug */,
				3D3C07C42304B8B0002E6533 /* Release */,
			);
			defaultConfigurationIsVisible = 0;
			defaultConfigurationName = Release;
		};
		3D3C07C52304B8B0002E6533 /* Build configuration list for PBXNativeTarget "pruebagit" */ = {
			isa = XCConfigurationList;
			buildConfigurations = (
				3D3C07C62304B8B0002E6533 /* Debug */,
				3D3C07C72304B8B0002E6533 /* Release */,
			);
			defaultConfigurationIsVisible = 0;
			defaultConfigurationName = Release;
		};
		3D3C07C82304B8B0002E6533 /* Build configuration list for PBXNativeTarget "pruebagitTests" */ = {
			isa = XCConfigurationList;
			buildConfigurations = (
				3D3C07C92304B8B0002E6533 /* Debug */,
				3D3C07CA2304B8B0002E6533 /* Release */,
			);
			defaultConfigurationIsVisible = 0;
			defaultConfigurationName = Release;
		};
		3D3C07CB2304B8B0002E6533 /* Build configuration list for PBXNativeTarget "pruebagitUITests" */ = {
			isa = XCConfigurationList;
			buildConfigurations = (
				3D3C07CC2304B8B0002E6533 /* Debug */,
				3D3C07CD2304B8B0002E6533 /* Release */,
			);
			defaultConfigurationIsVisible = 0;
			defaultConfigurationName = Release;
		};
/* End XCConfigurationList section */
	};
	rootObject = 3D3C07952304B8AB002E6533 /* Project object */;
}
